<?xml version="1.0" encoding="utf-8"?>
<Project ToolsVersion="4.0" xmlns="http://schemas.microsoft.com/developer/msbuild/2003">
  <ItemGroup>
    <Filter Include="Source Files">
      <UniqueIdentifier>{4FC737F1-C7A5-4376-A066-2A32D752A2FF}</UniqueIdentifier>
      <Extensions>cpp;c;cc;cxx;c++;cppm;ixx;def;odl;idl;hpj;bat;asm;asmx</Extensions>
    </Filter>
    <Filter Include="Header Files">
      <UniqueIdentifier>{93995380-89BD-4b04-88EB-625FBE52EBFB}</UniqueIdentifier>
      <Extensions>h;hh;hpp;hxx;h++;hm;inl;inc;ipp;xsd</Extensions>
    </Filter>
    <Filter Include="Resource Files">
      <UniqueIdentifier>{67DA6AB6-F800-4c08-8B7A-83BB121AAD01}</UniqueIdentifier>
      <Extensions>rc;ico;cur;bmp;dlg;rc2;rct;bin;rgs;gif;jpg;jpeg;jpe;resx;tiff;tif;png;wav;mfcribbon-ms</Extensions>
    </Filter>
    <Filter Include="members">
      <UniqueIdentifier>{f3d75252-b361-4f39-bb98-29704a289dc8}</UniqueIdentifier>
    </Filter>
    <Filter Include="members\student">
      <UniqueIdentifier>{66bf654c-18e1-4839-9482-12a5179acb38}</UniqueIdentifier>
    </Filter>
    <Filter Include="members\professor">
      <UniqueIdentifier>{99188fa5-d730-4823-b1e7-a3588f94ad0e}</UniqueIdentifier>
    </Filter>
  </ItemGroup>
  <ItemGroup>
    <ClCompile Include="main.cpp">
      <Filter>Source Files</Filter>
    </ClCompile>
    <ClCompile Include="professor.cpp">
      <Filter>members\professor</Filter>
    </ClCompile>
    <ClCompile Include="student.cpp">
      <Filter>members\student</Filter>
    </ClCompile>
  </ItemGroup>
  <ItemGroup>
    <ClInclude Include="main.h">
      <Filter>Header Files</Filter>
    </ClInclude>
    <ClInclude Include="common.h">
      <Filter>Header Files</Filter>
    </ClInclude>
    <ClInclude Include="members.h">
      <Filter>members</Filter>
    </ClInclude>
    <ClInclude Include="professor.h">
      <Filter>members\professor</Filter>
    </ClInclude>
    <ClInclude Include="student.h">
      <Filter>members\student</Filter>
    </ClInclude>
  </ItemGroup>
</Project>